<?xml version="1.0" encoding="utf-8"?>
<Project ToolsVersion="4.0" xmlns="http://schemas.microsoft.com/developer/msbuild/2003">
  <ItemGroup>
    <Filter Include="Source Files">
      <UniqueIdentifier>{e95ac675-68bf-4584-9506-20b0e13c4aaf}</UniqueIdentifier>
      <Extensions>cpp;c;cxx;rc;def;r;odl;idl;hpj;bat</Extensions>
    </Filter>
    <Filter Include="Header Files">
      <UniqueIdentifier>{4984d29b-91c5-4d48-8ae9-e7d1e6e9e35c}</UniqueIdentifier>
      <Extensions>h;hpp;hxx;hm;inl</Extensions>
    </Filter>
    <Filter Include="Resource Files">
      <UniqueIdentifier>{fe5c0be1-abd7-4aa9-aaa4-f7fe4c120363}</UniqueIdentifier>
      <Extensions>ico;cur;bmp;dlg;rc2;rct;bin;rgs;gif;jpg;jpeg;jpe</Extensions>
    </Filter>
  </ItemGroup>
  <ItemGroup>
    <ClCompile Include="..\..\compat\src\compat-5.1.c">
      <Filter>Source Files</Filter>
    </ClCompile>
    <ClCompile Include="..\src\lfs.c">
      <Filter>Source Files</Filter>
    </ClCompile>
  </ItemGroup>
  <ItemGroup>
    <ClInclude Include="..\..\compat\src\compat-5.1.h">
      <Filter>Header Files</Filter>
    </ClInclude>
    <ClInclude Include="..\src\lfs.h">
      <Filter>Header Files</Filter>
    </ClInclude>
  </ItemGroup>
  <ItemGroup>
    <CustomBuild Include="lfs.def">
      <Filter>Source Files</Filter>
    </CustomBuild>
  </ItemGroup>
</Project>